
Microsoft Visual Studio Solution File, Format Version 12.00
# Visual Studio 15
VisualStudioVersion = 15.0.28307.960
MinimumVisualStudioVersion = 10.0.40219.1
Project("{FAE04EC0-301F-11D3-BF4B-00C04F79EFBC}") = "ToolBarImageSplitter", "ToolBarImageSplitter\ToolBarImageSplitter.csproj", "{4F23CE26-8A95-44AD-BE88-45DFE08FE0F7}"
	ProjectSection(ProjectDependencies) = postProject
		{84E29976-DFDC-4661-9316-F434B42F75C7} = {84E29976-DFDC-4661-9316-F434B42F75C7}
	EndProjectSection
EndProject
Project("{FAE04EC0-301F-11D3-BF4B-00C04F79EFBC}") = "ToolBarImageMuxer", "ToolBarImageMuxer\ToolBarImageMuxer.csproj", "{ABF37460-F080-4F1A-9F7A-F166154072FF}"
	ProjectSection(ProjectDependencies) = postProject
		{84E29976-DFDC-4661-9316-F434B42F75C7} = {84E29976-DFDC-4661-9316-F434B42F75C7}
	EndProjectSection
EndProject
Project("{FAE04EC0-301F-11D3-BF4B-00C04F79EFBC}") = "ToolBarImageCommon", "ToolBarImageCommon\ToolBarImageCommon.csproj", "{84E29976-DFDC-4661-9316-F434B42F75C7}"
EndProject
Global
	GlobalSection(SolutionConfigurationPlatforms) = preSolution
		Debug|Any CPU = Debug|Any CPU
		Release|Any CPU = Release|Any CPU
	EndGlobalSection
	GlobalSection(ProjectConfigurationPlatforms) = postSolution
		{4F23CE26-8A95-44AD-BE88-45DFE08FE0F7}.Debug|Any CPU.ActiveCfg = Debug|Any CPU
		{4F23CE26-8A95-44AD-BE88-45DFE08FE0F7}.Debug|Any CPU.Build.0 = Debug|Any CPU
		{4F23CE26-8A95-44AD-BE88-45DFE08FE0F7}.Release|Any CPU.ActiveCfg = Release|Any CPU
		{4F23CE26-8A95-44AD-BE88-45DFE08FE0F7}.Release|Any CPU.Build.0 = Release|Any CPU
		{ABF37460-F080-4F1A-9F7A-F166154072FF}.Debug|Any CPU.ActiveCfg = Debug|Any CPU
		{ABF37460-F080-4F1A-9F7A-F166154072FF}.Debug|Any CPU.Build.0 = Debug|Any CPU
		{ABF37460-F080-4F1A-9F7A-F166154072FF}.Release|Any CPU.ActiveCfg = Release|Any CPU
		{ABF37460-F080-4F1A-9F7A-F166154072FF}.Release|Any CPU.Build.0 = Release|Any CPU
		{84E29976-DFDC-4661-9316-F434B42F75C7}.Debug|Any CPU.ActiveCfg = Debug|Any CPU
		{84E29976-DFDC-4661-9316-F434B42F75C7}.Debug|Any CPU.Build.0 = Debug|Any CPU
		{84E29976-DFDC-4661-9316-F434B42F75C7}.Release|Any CPU.ActiveCfg = Release|Any CPU
		{84E29976-DFDC-4661-9316-F434B42F75C7}.Release|Any CPU.Build.0 = Release|Any CPU
	EndGlobalSection
	GlobalSection(SolutionProperties) = preSolution
		HideSolutionNode = FALSE
	EndGlobalSection
	GlobalSection(ExtensibilityGlobals) = postSolution
		SolutionGuid = {EA95D85D-2787-4F17-838E-E564B8693AF8}
	EndGlobalSection
EndGlobal
