<?xml version="1.0" encoding="utf-8"?>
<Project ToolsVersion="4.0" xmlns="http://schemas.microsoft.com/developer/msbuild/2003">
  <ItemGroup>
    <Filter Include="Test Files">
      <UniqueIdentifier>{690c7184-b796-460a-8fed-595dfa1930f4}</UniqueIdentifier>
    </Filter>
    <Filter Include="Deprecated Codes">
      <UniqueIdentifier>{594146a8-ae7c-401b-a064-af37dac4216e}</UniqueIdentifier>
    </Filter>
    <Filter Include="Other Files">
      <UniqueIdentifier>{0eefa0df-ca7f-489c-9844-9a182e1dba18}</UniqueIdentifier>
    </Filter>
    <Filter Include="Pre-Compiled Headers">
      <UniqueIdentifier>{7b508b25-349b-4d39-8fd2-d8e42ceafe83}</UniqueIdentifier>
    </Filter>
    <Filter Include="testing">
      <UniqueIdentifier>{d37419a0-0151-41ee-a41f-4bedae3fd69e}</UniqueIdentifier>
    </Filter>
  </ItemGroup>
  <ItemGroup>
    <Text Include="CMakeLists.txt">
      <Filter>Other Files</Filter>
    </Text>
  </ItemGroup>
  <ItemGroup>
    <ClCompile Include="pch.cpp">
      <Filter>Pre-Compiled Headers</Filter>
    </ClCompile>
    <ClCompile Include="code-main.cpp">
      <Filter>Other Files</Filter>
    </ClCompile>
    <ClCompile Include="coverage.cpp" />
    <ClCompile Include="test-cmemory.cpp">
      <Filter>Test Files</Filter>
    </ClCompile>
    <ClCompile Include="test-cnative.cpp">
      <Filter>Test Files</Filter>
    </ClCompile>
    <ClCompile Include="test-int2dec.cpp">
      <Filter>Test Files</Filter>
    </ClCompile>
    <ClCompile Include="test-is_mailaddress.cpp">
      <Filter>Test Files</Filter>
    </ClCompile>
    <ClCompile Include="test-mydevmode.cpp">
      <Filter>Test Files</Filter>
    </ClCompile>
    <ClCompile Include="test-parameterized.cpp">
      <Filter>Test Files</Filter>
    </ClCompile>
    <ClCompile Include="test-sample.cpp">
      <Filter>Test Files</Filter>
    </ClCompile>
    <ClCompile Include="test-sample-disabled.cpp">
      <Filter>Test Files</Filter>
    </ClCompile>
    <ClCompile Include="test-StdControl.cpp">
      <Filter>Test Files</Filter>
    </ClCompile>
    <ClCompile Include="test-ccommandline.cpp">
      <Filter>Test Files</Filter>
    </ClCompile>
    <ClCompile Include="test-editinfo.cpp">
      <Filter>Test Files</Filter>
    </ClCompile>
    <ClCompile Include="test-ssearchoption.cpp">
      <Filter>Test Files</Filter>
    </ClCompile>
    <ClCompile Include="test-grepinfo.cpp">
      <Filter>Test Files</Filter>
    </ClCompile>
    <ClCompile Include="test-loadstring.cpp">
      <Filter>Test Files</Filter>
    </ClCompile>
    <ClCompile Include="test-clayoutint.cpp">
      <Filter>Test Files</Filter>
    </ClCompile>
    <ClCompile Include="test-cdlgprofilemgr.cpp">
      <Filter>Test Files</Filter>
    </ClCompile>
    <ClCompile Include="test-winmain.cpp">
      <Filter>Test Files</Filter>
    </ClCompile>
    <ClCompile Include="test-cprofile.cpp">
      <Filter>Test Files</Filter>
    </ClCompile>
    <ClCompile Include="test-string_ex.cpp">
      <Filter>Test Files</Filter>
    </ClCompile>
    <ClCompile Include="test-file.cpp">
      <Filter>Test Files</Filter>
    </ClCompile>
    <ClCompile Include="test-format.cpp">
      <Filter>Test Files</Filter>
    </ClCompile>
    <ClCompile Include="test-cwordparse.cpp">
      <Filter>Test Files</Filter>
    </ClCompile>
    <ClCompile Include="test-csakuraenvironment.cpp">
      <Filter>Test Files</Filter>
    </ClCompile>
    <ClCompile Include="test-charcode.cpp">
      <Filter>Test Files</Filter>
    </ClCompile>
    <ClCompile Include="test-zoom.cpp">
      <Filter>Test Files</Filter>
    </ClCompile>
    <ClCompile Include="test-cerrorinfo.cpp">
      <Filter>Test Files</Filter>
    </ClCompile>
    <ClCompile Include="test-ctextmetrics.cpp">
      <Filter>Test Files</Filter>
    </ClCompile>
    <ClCompile Include="test-cclipboard.cpp">
      <Filter>Test Files</Filter>
    </ClCompile>
    <ClCompile Include="test-design_template.cpp">
      <Filter>Test Files</Filter>
    </ClCompile>
    <ClCompile Include="test-cconvert.cpp">
      <Filter>Test Files</Filter>
    </ClCompile>
    <ClCompile Include="test-cdecode.cpp">
      <Filter>Test Files</Filter>
    </ClCompile>
    <ClCompile Include="test-ccodebase.cpp">
      <Filter>Test Files</Filter>
    </ClCompile>
    <ClCompile Include="test-cdlgopenfile.cpp">
      <Filter>Test Files</Filter>
    </ClCompile>
    <ClCompile Include="test-cfileext.cpp">
      <Filter>Test Files</Filter>
    </ClCompile>
    <ClCompile Include="test-cdoctypemanager.cpp">
      <Filter>Test Files</Filter>
    </ClCompile>
    <ClCompile Include="test-ceol.cpp">
      <Filter>Test Files</Filter>
    </ClCompile>
    <ClCompile Include="test-printECodeType.cpp">
      <Filter>Other Files</Filter>
    </ClCompile>
    <ClCompile Include="test-printEFunctionCode.cpp">
      <Filter>Other Files</Filter>
    </ClCompile>
    <ClCompile Include="test-cdocline.cpp">
      <Filter>Test Files</Filter>
    </ClCompile>
    <ClCompile Include="test-cdoclinemgr.cpp">
      <Filter>Test Files</Filter>
    </ClCompile>
    <ClCompile Include="test-csearchagent.cpp">
      <Filter>Test Files</Filter>
    </ClCompile>
    <ClCompile Include="test-crunningtimer.cpp">
      <Filter>Test Files</Filter>
    </ClCompile>
    <ClCompile Include="test-czipfile.cpp">
      <Filter>Test Files</Filter>
    </ClCompile>
    <ClCompile Include="test-statictype.cpp">
      <Filter>Test Files</Filter>
    </ClCompile>
    <ClCompile Include="test-window.cpp">
      <Filter>Test Files</Filter>
    </ClCompile>
    <ClCompile Include="test-csharedata.cpp">
      <Filter>Test Files</Filter>
    </ClCompile>
    <ClCompile Include="test-messageboxf.cpp">
      <Filter>Test Files</Filter>
    </ClCompile>
    <ClCompile Include="test-cppa.cpp">
      <Filter>Test Files</Filter>
    </ClCompile>
    <ClCompile Include="test-extmodules.cpp">
      <Filter>Test Files</Filter>
    </ClCompile>
    <ClCompile Include="test-codechecker.cpp">
      <Filter>Test Files</Filter>
    </ClCompile>
  </ItemGroup>
  <ItemGroup>
    <ClInclude Include="pch.h">
      <Filter>Pre-Compiled Headers</Filter>
    </ClInclude>
    <ClInclude Include="eval_outputs.hpp">
      <Filter>Other Files</Filter>
    </ClInclude>
    <ClInclude Include="testing\StartEditorProcess.hpp">
      <Filter>testing</Filter>
    </ClInclude>
    <ClInclude Include="testing\GuiAwareTestSuite.hpp">
      <Filter>testing</Filter>
    </ClInclude>
    <ClInclude Include="TExtModule.hpp">
      <Filter>Other Files</Filter>
    </ClInclude>
  </ItemGroup>
  <ItemGroup>
    <ClInclude Include="tests1_rc.h">
      <Filter>Other Files</Filter>
    </ClInclude>
    <ResourceCompile Include="tests1_rc.rc">
      <Filter>Other Files</Filter>
    </ResourceCompile>
  </ItemGroup>
</Project>