
Microsoft Visual Studio Solution File, Format Version 9.00
# Visual Studio 2005
Project("{8BC9CEB8-8B4A-11D0-8D11-00A0C91BC942}") = "sakura", "sakura.vcproj", "{F75A45F9-8D10-42EB-8293-D0288F535AC9}"
	ProjectSection(ProjectDependencies) = postProject
		{0F2918B0-23E3-42E8-A1A8-8739F726A23E} = {0F2918B0-23E3-42E8-A1A8-8739F726A23E}
	EndProjectSection
EndProject
Project("{8BC9CEB8-8B4A-11D0-8D11-00A0C91BC942}") = "HeaderMake", "..\HeaderMake\HeaderMake.vcproj", "{0F2918B0-23E3-42E8-A1A8-8739F726A23E}"
EndProject
Global
	GlobalSection(SolutionConfigurationPlatforms) = preSolution
		Debug_Ansi|Win32 = Debug_Ansi|Win32
		Debug_Unicode|Win32 = Debug_Unicode|Win32
		Release_Ansi|Win32 = Release_Ansi|Win32
		Release_Unicode|Win32 = Release_Unicode|Win32
	EndGlobalSection
	GlobalSection(ProjectConfigurationPlatforms) = postSolution
		{F75A45F9-8D10-42EB-8293-D0288F535AC9}.Debug_Ansi|Win32.ActiveCfg = Debug_Ansi|Win32
		{F75A45F9-8D10-42EB-8293-D0288F535AC9}.Debug_Ansi|Win32.Build.0 = Debug_Ansi|Win32
		{F75A45F9-8D10-42EB-8293-D0288F535AC9}.Debug_Unicode|Win32.ActiveCfg = Debug_Unicode|Win32
		{F75A45F9-8D10-42EB-8293-D0288F535AC9}.Debug_Unicode|Win32.Build.0 = Debug_Unicode|Win32
		{F75A45F9-8D10-42EB-8293-D0288F535AC9}.Release_Ansi|Win32.ActiveCfg = Release_Ansi|Win32
		{F75A45F9-8D10-42EB-8293-D0288F535AC9}.Release_Ansi|Win32.Build.0 = Release_Ansi|Win32
		{F75A45F9-8D10-42EB-8293-D0288F535AC9}.Release_Unicode|Win32.ActiveCfg = Release_Unicode|Win32
		{F75A45F9-8D10-42EB-8293-D0288F535AC9}.Release_Unicode|Win32.Build.0 = Release_Unicode|Win32
		{0F2918B0-23E3-42E8-A1A8-8739F726A23E}.Debug_Ansi|Win32.ActiveCfg = Debug|Win32
		{0F2918B0-23E3-42E8-A1A8-8739F726A23E}.Debug_Ansi|Win32.Build.0 = Debug|Win32
		{0F2918B0-23E3-42E8-A1A8-8739F726A23E}.Debug_Unicode|Win32.ActiveCfg = Debug|Win32
		{0F2918B0-23E3-42E8-A1A8-8739F726A23E}.Debug_Unicode|Win32.Build.0 = Debug|Win32
		{0F2918B0-23E3-42E8-A1A8-8739F726A23E}.Release_Ansi|Win32.ActiveCfg = Release|Win32
		{0F2918B0-23E3-42E8-A1A8-8739F726A23E}.Release_Ansi|Win32.Build.0 = Release|Win32
		{0F2918B0-23E3-42E8-A1A8-8739F726A23E}.Release_Unicode|Win32.ActiveCfg = Release|Win32
		{0F2918B0-23E3-42E8-A1A8-8739F726A23E}.Release_Unicode|Win32.Build.0 = Release|Win32
	EndGlobalSection
	GlobalSection(SolutionProperties) = preSolution
		HideSolutionNode = FALSE
	EndGlobalSection
EndGlobal
