
Microsoft Visual Studio Solution File, Format Version 9.00
# Visual C++ Express 2005
Project("{8BC9CEB8-8B4A-11D0-8D11-00A0C91BC942}") = "sakura", "sakura_vc2005.vcproj", "{DFFC20C2-2220-4135-847D-873E6ACE13E3}"
	ProjectSection(ProjectDependencies) = postProject
		{0F2918B0-23E3-42E8-A1A8-8739F726A23E} = {0F2918B0-23E3-42E8-A1A8-8739F726A23E}
		{40735439-B12B-40AC-92F7-F1183D8B6862} = {40735439-B12B-40AC-92F7-F1183D8B6862}
	EndProjectSection
EndProject
Project("{8BC9CEB8-8B4A-11D0-8D11-00A0C91BC942}") = "HeaderMake", "..\HeaderMake\HeaderMake_vc2005.vcproj", "{0F2918B0-23E3-42E8-A1A8-8739F726A23E}"
EndProject
Project("{8BC9CEB8-8B4A-11D0-8D11-00A0C91BC942}") = "MakefileMake", "..\MakefileMake\MakefileMake_vc2005.vcproj", "{40735439-B12B-40AC-92F7-F1183D8B6862}"
EndProject
Global
	GlobalSection(SolutionConfigurationPlatforms) = preSolution
		Debug_Ansi|Win32 = Debug_Ansi|Win32
		Debug_Unicode|Win32 = Debug_Unicode|Win32
		Release_Ansi|Win32 = Release_Ansi|Win32
		Release_Unicode|Win32 = Release_Unicode|Win32
	EndGlobalSection
	GlobalSection(ProjectConfigurationPlatforms) = postSolution
		{DFFC20C2-2220-4135-847D-873E6ACE13E3}.Debug_Ansi|Win32.ActiveCfg = Debug_Ansi|Win32
		{DFFC20C2-2220-4135-847D-873E6ACE13E3}.Debug_Ansi|Win32.Build.0 = Debug_Ansi|Win32
		{DFFC20C2-2220-4135-847D-873E6ACE13E3}.Debug_Unicode|Win32.ActiveCfg = Debug_Unicode|Win32
		{DFFC20C2-2220-4135-847D-873E6ACE13E3}.Debug_Unicode|Win32.Build.0 = Debug_Unicode|Win32
		{DFFC20C2-2220-4135-847D-873E6ACE13E3}.Release_Ansi|Win32.ActiveCfg = Release_Ansi|Win32
		{DFFC20C2-2220-4135-847D-873E6ACE13E3}.Release_Ansi|Win32.Build.0 = Release_Ansi|Win32
		{DFFC20C2-2220-4135-847D-873E6ACE13E3}.Release_Unicode|Win32.ActiveCfg = Release_Unicode|Win32
		{DFFC20C2-2220-4135-847D-873E6ACE13E3}.Release_Unicode|Win32.Build.0 = Release_Unicode|Win32
		{0F2918B0-23E3-42E8-A1A8-8739F726A23E}.Debug_Ansi|Win32.ActiveCfg = Debug|Win32
		{0F2918B0-23E3-42E8-A1A8-8739F726A23E}.Debug_Ansi|Win32.Build.0 = Debug|Win32
		{0F2918B0-23E3-42E8-A1A8-8739F726A23E}.Debug_Unicode|Win32.ActiveCfg = Debug|Win32
		{0F2918B0-23E3-42E8-A1A8-8739F726A23E}.Debug_Unicode|Win32.Build.0 = Debug|Win32
		{0F2918B0-23E3-42E8-A1A8-8739F726A23E}.Release_Ansi|Win32.ActiveCfg = Release|Win32
		{0F2918B0-23E3-42E8-A1A8-8739F726A23E}.Release_Ansi|Win32.Build.0 = Release|Win32
		{0F2918B0-23E3-42E8-A1A8-8739F726A23E}.Release_Unicode|Win32.ActiveCfg = Release|Win32
		{0F2918B0-23E3-42E8-A1A8-8739F726A23E}.Release_Unicode|Win32.Build.0 = Release|Win32
		{40735439-B12B-40AC-92F7-F1183D8B6862}.Debug_Ansi|Win32.ActiveCfg = Debug|Win32
		{40735439-B12B-40AC-92F7-F1183D8B6862}.Debug_Ansi|Win32.Build.0 = Debug|Win32
		{40735439-B12B-40AC-92F7-F1183D8B6862}.Debug_Unicode|Win32.ActiveCfg = Debug|Win32
		{40735439-B12B-40AC-92F7-F1183D8B6862}.Debug_Unicode|Win32.Build.0 = Debug|Win32
		{40735439-B12B-40AC-92F7-F1183D8B6862}.Release_Ansi|Win32.ActiveCfg = Release|Win32
		{40735439-B12B-40AC-92F7-F1183D8B6862}.Release_Ansi|Win32.Build.0 = Release|Win32
		{40735439-B12B-40AC-92F7-F1183D8B6862}.Release_Unicode|Win32.ActiveCfg = Release|Win32
		{40735439-B12B-40AC-92F7-F1183D8B6862}.Release_Unicode|Win32.Build.0 = Release|Win32
	EndGlobalSection
	GlobalSection(SolutionProperties) = preSolution
		HideSolutionNode = FALSE
	EndGlobalSection
EndGlobal
