Microsoft Visual Studio Solution File, Format Version 8.00
Project("{8BC9CEB8-8B4A-11D0-8D11-00A0C91BC942}") = "sakura", "sakura_vc2003.vcproj", "{AF03508C-515E-4A0E-87BE-67ED1E254BD0}"
	ProjectSection(ProjectDependencies) = postProject
	EndProjectSection
EndProject
Global
	GlobalSection(SolutionConfiguration) = preSolution
		Debug_Ansi = Debug_Ansi
		Debug_Unicode = Debug_Unicode
		Release_Ansi = Release_Ansi
		Release_Unicode = Release_Unicode
	EndGlobalSection
	GlobalSection(ProjectConfiguration) = postSolution
		{AF03508C-515E-4A0E-87BE-67ED1E254BD0}.Debug_Ansi.ActiveCfg = Debug_Ansi|Win32
		{AF03508C-515E-4A0E-87BE-67ED1E254BD0}.Debug_Ansi.Build.0 = Debug_Ansi|Win32
		{AF03508C-515E-4A0E-87BE-67ED1E254BD0}.Debug_Unicode.ActiveCfg = Debug_Unicode|Win32
		{AF03508C-515E-4A0E-87BE-67ED1E254BD0}.Debug_Unicode.Build.0 = Debug_Unicode|Win32
		{AF03508C-515E-4A0E-87BE-67ED1E254BD0}.Release_Ansi.ActiveCfg = Release_Ansi|Win32
		{AF03508C-515E-4A0E-87BE-67ED1E254BD0}.Release_Ansi.Build.0 = Release_Ansi|Win32
		{AF03508C-515E-4A0E-87BE-67ED1E254BD0}.Release_Unicode.ActiveCfg = Release_Unicode|Win32
		{AF03508C-515E-4A0E-87BE-67ED1E254BD0}.Release_Unicode.Build.0 = Release_Unicode|Win32
	EndGlobalSection
	GlobalSection(ExtensibilityGlobals) = postSolution
	EndGlobalSection
	GlobalSection(ExtensibilityAddIns) = postSolution
	EndGlobalSection
EndGlobal
